// !$*UTF8*$!
{
	archiveVersion = 1;
	classes = {
	};
	objectVersion = 46;
	objects = {

/* Begin PBXBuildFile section */
		83CB66721C707EA5002F4DFE /* AppDelegate.swift in Sources */ = {isa = PBXBuildFile; fileRef = 83CB66711C707EA5002F4DFE /* AppDelegate.swift */; };
		83CB66741C707EA5002F4DFE /* ViewController.swift in Sources */ = {isa = PBXBuildFile; fileRef = 83CB66731C707EA5002F4DFE /* ViewController.swift */; };
		83CB66771C707EA5002F4DFE /* Main.storyboard in Resources */ = {isa = PBXBuildFile; fileRef = 83CB66751C707EA5002F4DFE /* Main.storyboard */; };
		83CB66791C707EA5002F4DFE /* Assets.xcassets in Resources */ = {isa = PBXBuildFile; fileRef = 83CB66781C707EA5002F4DFE /* Assets.xcassets */; };
		83CB667C1C707EA5002F4DFE /* LaunchScreen.storyboard in Resources */ = {isa = PBXBuildFile; fileRef = 83CB667A1C707EA5002F4DFE /* LaunchScreen.storyboard */; };
		83CB66851C707EDA002F4DFE /* blue_pin.png in Resources */ = {isa = PBXBuildFile; fileRef = 83CB66831C707EDA002F4DFE /* blue_pin.png */; };
		83CB66861C707EDA002F4DFE /* red_pin.png in Resources */ = {isa = PBXBuildFile; fileRef = 83CB66841C707EDA002F4DFE /* red_pin.png */; };
/* End PBXBuildFile section */

/* Begin PBXFileReference section */
		83CB666E1C707EA5002F4DFE /* BoxDragger.app */ = {isa = PBXFileReference; explicitFileType = wrapper.application; includeInIndex = 0; path = BoxDragger.app; sourceTree = BUILT_PRODUCTS_DIR; };
		83CB66711C707EA5002F4DFE /* AppDelegate.swift */ = {isa = PBXFileReference; lastKnownFileType = sourcecode.swift; path = AppDelegate.swift; sourceTree = "<group>"; };
		83CB66731C707EA5002F4DFE /* ViewController.swift */ = {isa = PBXFileReference; lastKnownFileType = sourcecode.swift; path = ViewController.swift; sourceTree = "<group>"; };
		83CB66761C707EA5002F4DFE /* Base */ = {isa = PBXFileReference; lastKnownFileType = file.storyboard; name = Base; path = Base.lproj/Main.storyboard; sourceTree = "<group>"; };
		83CB66781C707EA5002F4DFE /* Assets.xcassets */ = {isa = PBXFileReference; lastKnownFileType = folder.assetcatalog; path = Assets.xcassets; sourceTree = "<group>"; };
		83CB667B1C707EA5002F4DFE /* Base */ = {isa = PBXFileReference; lastKnownFileType = file.storyboard; name = Base; path = Base.lproj/LaunchScreen.storyboard; sourceTree = "<group>"; };
		83CB667D1C707EA5002F4DFE /* Info.plist */ = {isa = PBXFileReference; lastKnownFileType = text.plist.xml; path = Info.plist; sourceTree = "<group>"; };
		83CB66831C707EDA002F4DFE /* blue_pin.png */ = {isa = PBXFileReference; lastKnownFileType = image.png; path = blue_pin.png; sourceTree = "<group>"; };
		83CB66841C707EDA002F4DFE /* red_pin.png */ = {isa = PBXFileReference; lastKnownFileType = image.png; path = red_pin.png; sourceTree = "<group>"; };
/* End PBXFileReference section */

/* Begin PBXFrameworksBuildPhase section */
		83CB666B1C707EA5002F4DFE /* Frameworks */ = {
			isa = PBXFrameworksBuildPhase;
			buildActionMask = 2147483647;
			files = (
			);
			runOnlyForDeploymentPostprocessing = 0;
		};
/* End PBXFrameworksBuildPhase section */

/* Begin PBXGroup section */
		83CB66651C707EA5002F4DFE = {
			isa = PBXGroup;
			children = (
				83CB66701C707EA5002F4DFE /* BoxDragger */,
				83CB666F1C707EA5002F4DFE /* Products */,
			);
			sourceTree = "<group>";
		};
		83CB666F1C707EA5002F4DFE /* Products */ = {
			isa = PBXGroup;
			children = (
				83CB666E1C707EA5002F4DFE /* BoxDragger.app */,
			);
			name = Products;
			sourceTree = "<group>";
		};
		83CB66701C707EA5002F4DFE /* BoxDragger */ = {
			isa = PBXGroup;
			children = (
				83CB66711C707EA5002F4DFE /* AppDelegate.swift */,
				83CB66731C707EA5002F4DFE /* ViewController.swift */,
				83CB66751C707EA5002F4DFE /* Main.storyboard */,
				83CB66831C707EDA002F4DFE /* blue_pin.png */,
				83CB66841C707EDA002F4DFE /* red_pin.png */,
				83CB66781C707EA5002F4DFE /* Assets.xcassets */,
				83CB667A1C707EA5002F4DFE /* LaunchScreen.storyboard */,
				83CB667D1C707EA5002F4DFE /* Info.plist */,
			);
			path = BoxDragger;
			sourceTree = "<group>";
		};
/* End PBXGroup section */

/* Begin PBXNativeTarget section */
		83CB666D1C707EA5002F4DFE /* BoxDragger */ = {
			isa = PBXNativeTarget;
			buildConfigurationList = 83CB66801C707EA5002F4DFE /* Build configuration list for PBXNativeTarget "BoxDragger" */;
			buildPhases = (
				83CB666A1C707EA5002F4DFE /* Sources */,
				83CB666B1C707EA5002F4DFE /* Frameworks */,
				83CB666C1C707EA5002F4DFE /* Resources */,
			);
			buildRules = (
			);
			dependencies = (
			);
			name = BoxDragger;
			productName = BoxDragger;
			productReference = 83CB666E1C707EA5002F4DFE /* BoxDragger.app */;
			productType = "com.apple.product-type.application";
		};
/* End PBXNativeTarget section */

/* Begin PBXProject section */
		83CB66661C707EA5002F4DFE /* Project object */ = {
			isa = PBXProject;
			attributes = {
				LastSwiftUpdateCheck = 0720;
				LastUpgradeCheck = 0720;
				ORGANIZATIONNAME = "Robert Ryan";
				TargetAttributes = {
					83CB666D1C707EA5002F4DFE = {
						CreatedOnToolsVersion = 7.2.1;
					};
				};
			};
			buildConfigurationList = 83CB66691C707EA5002F4DFE /* Build configuration list for PBXProject "BoxDragger" */;
			compatibilityVersion = "Xcode 3.2";
			developmentRegion = English;
			hasScannedForEncodings = 0;
			knownRegions = (
				en,
				Base,
			);
			mainGroup = 83CB66651C707EA5002F4DFE;
			productRefGroup = 83CB666F1C707EA5002F4DFE /* Products */;
			projectDirPath = "";
			projectRoot = "";
			targets = (
				83CB666D1C707EA5002F4DFE /* BoxDragger */,
			);
		};
/* End PBXProject section */

/* Begin PBXResourcesBuildPhase section */
		83CB666C1C707EA5002F4DFE /* Resources */ = {
			isa = PBXResourcesBuildPhase;
			buildActionMask = 2147483647;
			files = (
				83CB667C1C707EA5002F4DFE /* LaunchScreen.storyboard in Resources */,
				83CB66861C707EDA002F4DFE /* red_pin.png in Resources */,
				83CB66851C707EDA002F4DFE /* blue_pin.png in Resources */,
				83CB66791C707EA5002F4DFE /* Assets.xcassets in Resources */,
				83CB66771C707EA5002F4DFE /* Main.storyboard in Resources */,
			);
			runOnlyForDeploymentPostprocessing = 0;
		};
/* End PBXResourcesBuildPhase section */

/* Begin PBXSourcesBuildPhase section */
		83CB666A1C707EA5002F4DFE /* Sources */ = {
			isa = PBXSourcesBuildPhase;
			buildActionMask = 2147483647;
			files = (
				83CB66741C707EA5002F4DFE /* ViewController.swift in Sources */,
				83CB66721C707EA5002F4DFE /* AppDelegate.swift in Sources */,
			);
			runOnlyForDeploymentPostprocessing = 0;
		};
/* End PBXSourcesBuildPhase section */

/* Begin PBXVariantGroup section */
		83CB66751C707EA5002F4DFE /* Main.storyboard */ = {
			isa = PBXVariantGroup;
			children = (
				83CB66761C707EA5002F4DFE /* Base */,
			);
			name = Main.storyboard;
			sourceTree = "<group>";
		};
		83CB667A1C707EA5002F4DFE /* LaunchScreen.storyboard */ = {
			isa = PBXVariantGroup;
			children = (
				83CB667B1C707EA5002F4DFE /* Base */,
			);
			name = LaunchScreen.storyboard;
			sourceTree = "<group>";
		};
/* End PBXVariantGroup section */

/* Begin XCBuildConfiguration section */
		83CB667E1C707EA5002F4DFE /* Debug */ = {
			isa = XCBuildConfiguration;
			buildSettings = {
				ALWAYS_SEARCH_USER_PATHS = NO;
				CLANG_CXX_LANGUAGE_STANDARD = "gnu++0x";
				CLANG_CXX_LIBRARY = "libc++";
				CLANG_ENABLE_MODULES = YES;
				CLANG_ENABLE_OBJC_ARC = YES;
				CLANG_WARN_BOOL_CONVERSION = YES;
				CLANG_WARN_CONSTANT_CONVERSION = YES;
				CLANG_WARN_DIRECT_OBJC_ISA_USAGE = YES_ERROR;
				CLANG_WARN_EMPTY_BODY = YES;
				CLANG_WARN_ENUM_CONVERSION = YES;
				CLANG_WARN_INT_CONVERSION = YES;
				CLANG_WARN_OBJC_ROOT_CLASS = YES_ERROR;
				CLANG_WARN_UNREACHABLE_CODE = YES;
				CLANG_WARN__DUPLICATE_METHOD_MATCH = YES;
				"CODE_SIGN_IDENTITY[sdk=iphoneos*]" = "iPhone Developer";
				COPY_PHASE_STRIP = NO;
				DEBUG_INFORMATION_FORMAT = dwarf;
				ENABLE_STRICT_OBJC_MSGSEND = YES;
				ENABLE_TESTABILITY = YES;
				GCC_C_LANGUAGE_STANDARD = gnu99;
				GCC_DYNAMIC_NO_PIC = NO;
				GCC_NO_COMMON_BLOCKS = YES;
				GCC_OPTIMIZATION_LEVEL = 0;
				GCC_PREPROCESSOR_DEFINITIONS = (
					"DEBUG=1",
					"$(inherited)",
				);
				GCC_WARN_64_TO_32_BIT_CONVERSION = YES;
				GCC_WARN_ABOUT_RETURN_TYPE = YES_ERROR;
				GCC_WARN_UNDECLARED_SELECTOR = YES;
				GCC_WARN_UNINITIALIZED_AUTOS = YES_AGGRESSIVE;
				GCC_WARN_UNUSED_FUNCTION = YES;
				GCC_WARN_UNUSED_VARIABLE = YES;
				IPHONEOS_DEPLOYMENT_TARGET = 9.2;
				MTL_ENABLE_DEBUG_INFO = YES;
				ONLY_ACTIVE_ARCH = YES;
				SDKROOT = iphoneos;
				SWIFT_OPTIMIZATION_LEVEL = "-Onone";
			};
			name = Debug;
		};
		83CB667F1C707EA5002F4DFE /* Release */ = {
			isa = XCBuildConfiguration;
			buildSettings = {
				ALWAYS_SEARCH_USER_PATHS = NO;
				CLANG_CXX_LANGUAGE_STANDARD = "gnu++0x";
				CLANG_CXX_LIBRARY = "libc++";
				CLANG_ENABLE_MODULES = YES;
				CLANG_ENABLE_OBJC_ARC = YES;
				CLANG_WARN_BOOL_CONVERSION = YES;
				CLANG_WARN_CONSTANT_CONVERSION = YES;
				CLANG_WARN_DIRECT_OBJC_ISA_USAGE = YES_ERROR;
				CLANG_WARN_EMPTY_BODY = YES;
				CLANG_WARN_ENUM_CONVERSION = YES;
				CLANG_WARN_INT_CONVERSION = YES;
				CLANG_WARN_OBJC_ROOT_CLASS = YES_ERROR;
				CLANG_WARN_UNREACHABLE_CODE = YES;
				CLANG_WARN__DUPLICATE_METHOD_MATCH = YES;
				"CODE_SIGN_IDENTITY[sdk=iphoneos*]" = "iPhone Developer";
				COPY_PHASE_STRIP = NO;
				DEBUG_INFORMATION_FORMAT = "dwarf-with-dsym";
				ENABLE_NS_ASSERTIONS = NO;
				ENABLE_STRICT_OBJC_MSGSEND = YES;
				GCC_C_LANGUAGE_STANDARD = gnu99;
				GCC_NO_COMMON_BLOCKS = YES;
				GCC_WARN_64_TO_32_BIT_CONVERSION = YES;
				GCC_WARN_ABOUT_RETURN_TYPE = YES_ERROR;
				GCC_WARN_UNDECLARED_SELECTOR = YES;
				GCC_WARN_UNINITIALIZED_AUTOS = YES_AGGRESSIVE;
				GCC_WARN_UNUSED_FUNCTION = YES;
				GCC_WARN_UNUSED_VARIABLE = YES;
				IPHONEOS_DEPLOYMENT_TARGET = 9.2;
				MTL_ENABLE_DEBUG_INFO = NO;
				SDKROOT = iphoneos;
				VALIDATE_PRODUCT = YES;
			};
			name = Release;
		};
		83CB66811C707EA5002F4DFE /* Debug */ = {
			isa = XCBuildConfiguration;
			buildSettings = {
				ASSETCATALOG_COMPILER_APPICON_NAME = AppIcon;
				INFOPLIST_FILE = BoxDragger/Info.plist;
				LD_RUNPATH_SEARCH_PATHS = "$(inherited) @executable_path/Frameworks";
				PRODUCT_BUNDLE_IDENTIFIER = com.robertmryan.BoxDragger;
				PRODUCT_NAME = "$(TARGET_NAME)";
			};
			name = Debug;
		};
		83CB66821C707EA5002F4DFE /* Release */ = {
			isa = XCBuildConfiguration;
			buildSettings = {
				ASSETCATALOG_COMPILER_APPICON_NAME = AppIcon;
				INFOPLIST_FILE = BoxDragger/Info.plist;
				LD_RUNPATH_SEARCH_PATHS = "$(inherited) @executable_path/Frameworks";
				PRODUCT_BUNDLE_IDENTIFIER = com.robertmryan.BoxDragger;
				PRODUCT_NAME = "$(TARGET_NAME)";
			};
			name = Release;
		};
/* End XCBuildConfiguration section */

/* Begin XCConfigurationList section */
		83CB66691C707EA5002F4DFE /* Build configuration list for PBXProject "BoxDragger" */ = {
			isa = XCConfigurationList;
			buildConfigurations = (
				83CB667E1C707EA5002F4DFE /* Debug */,
				83CB667F1C707EA5002F4DFE /* Release */,
			);
			defaultConfigurationIsVisible = 0;
			defaultConfigurationName = Release;
		};
		83CB66801C707EA5002F4DFE /* Build configuration list for PBXNativeTarget "BoxDragger" */ = {
			isa = XCConfigurationList;
			buildConfigurations = (
				83CB66811C707EA5002F4DFE /* Debug */,
				83CB66821C707EA5002F4DFE /* Release */,
			);
			defaultConfigurationIsVisible = 0;
		};
/* End XCConfigurationList section */
	};
	rootObject = 83CB66661C707EA5002F4DFE /* Project object */;
}
